
Microsoft Visual Studio Solution File, Format Version 12.00
# Visual Studio Version 17
VisualStudioVersion = 17.0.32112.339
MinimumVisualStudioVersion = 10.0.40219.1
Project("{8BC9CEB8-8B4A-11D0-8D11-00A0C91BC942}") = "Template", "Template\Template.vcxproj", "{EE7E35FB-54EC-438D-9F7E-0B418207EC9A}"
EndProject
Project("{2150E333-8FDC-42A3-9474-1A3956D46DE8}") = "Solution Items", "Solution Items", "{BE0A879D-07D9-449B-8DCE-0E48DB532C2E}"
	ProjectSection(SolutionItems) = preProject
		Assets\textures\Shellby_Pilot.png = Assets\textures\Shellby_Pilot.png
	EndProjectSection
EndProject
Global
	GlobalSection(SolutionConfigurationPlatforms) = preSolution
		Debug|x64 = Debug|x64
		Debug|x86 = Debug|x86
		Release|x64 = Release|x64
		Release|x86 = Release|x86
	EndGlobalSection
	GlobalSection(ProjectConfigurationPlatforms) = postSolution
		{EE7E35FB-54EC-438D-9F7E-0B418207EC9A}.Debug|x64.ActiveCfg = Debug|x64
		{EE7E35FB-54EC-438D-9F7E-0B418207EC9A}.Debug|x64.Build.0 = Debug|x64
		{EE7E35FB-54EC-438D-9F7E-0B418207EC9A}.Debug|x86.ActiveCfg = Debug|Win32
		{EE7E35FB-54EC-438D-9F7E-0B418207EC9A}.Debug|x86.Build.0 = Debug|Win32
		{EE7E35FB-54EC-438D-9F7E-0B418207EC9A}.Release|x64.ActiveCfg = Release|x64
		{EE7E35FB-54EC-438D-9F7E-0B418207EC9A}.Release|x64.Build.0 = Release|x64
		{EE7E35FB-54EC-438D-9F7E-0B418207EC9A}.Release|x86.ActiveCfg = Release|Win32
		{EE7E35FB-54EC-438D-9F7E-0B418207EC9A}.Release|x86.Build.0 = Release|Win32
	EndGlobalSection
	GlobalSection(SolutionProperties) = preSolution
		HideSolutionNode = FALSE
	EndGlobalSection
	GlobalSection(ExtensibilityGlobals) = postSolution
		SolutionGuid = {B55EBBDD-F66A-4A3B-BECE-E4E7EA9AC0CB}
	EndGlobalSection
EndGlobal
